// !$*UTF8*$!
{
	archiveVersion = 1;
	classes = {
	};
	objectVersion = 51;
	objects = {

/* Begin PBXBuildFile section */
		3056B1083277ED25E31E1128 /* Pods_Forms_iOS.framework in Frameworks */ = {isa = PBXBuildFile; fileRef = 163FCE82581526795AA340CF /* Pods_Forms_iOS.framework */; };
		8509E08CA74A59EEF8A766AF /* Pods_Forms_iOSTests.framework in Frameworks */ = {isa = PBXBuildFile; fileRef = B776FD4846FD6EEA0E1131D1 /* Pods_Forms_iOSTests.framework */; };
		926590E623D5AF9E009A8C6F /* AppDelegate.swift in Sources */ = {isa = PBXBuildFile; fileRef = 926590E523D5AF9E009A8C6F /* AppDelegate.swift */; };
		926590E823D5AF9E009A8C6F /* SceneDelegate.swift in Sources */ = {isa = PBXBuildFile; fileRef = 926590E723D5AF9E009A8C6F /* SceneDelegate.swift */; };
		926590ED23D5AF9E009A8C6F /* Main.storyboard in Resources */ = {isa = PBXBuildFile; fileRef = 926590EB23D5AF9E009A8C6F /* Main.storyboard */; };
		926590EF23D5AF9F009A8C6F /* Assets.xcassets in Resources */ = {isa = PBXBuildFile; fileRef = 926590EE23D5AF9F009A8C6F /* Assets.xcassets */; };
		926590F223D5AF9F009A8C6F /* LaunchScreen.storyboard in Resources */ = {isa = PBXBuildFile; fileRef = 926590F023D5AF9F009A8C6F /* LaunchScreen.storyboard */; };
		926590FD23D5AFA0009A8C6F /* Forms_iOSTests.swift in Sources */ = {isa = PBXBuildFile; fileRef = 926590FC23D5AFA0009A8C6F /* Forms_iOSTests.swift */; };
		9265910823D5AFA0009A8C6F /* Forms_iOSUITests.swift in Sources */ = {isa = PBXBuildFile; fileRef = 9265910723D5AFA0009A8C6F /* Forms_iOSUITests.swift */; };
		9265911D23D5B18E009A8C6F /* FormListViewController.swift in Sources */ = {isa = PBXBuildFile; fileRef = 9265911C23D5B18E009A8C6F /* FormListViewController.swift */; };
		9265911F23D5C95A009A8C6F /* UIViewController+Extension.swift in Sources */ = {isa = PBXBuildFile; fileRef = 9265911E23D5C95A009A8C6F /* UIViewController+Extension.swift */; };
		9265912223D5C9AA009A8C6F /* Constants.swift in Sources */ = {isa = PBXBuildFile; fileRef = 9265912123D5C9AA009A8C6F /* Constants.swift */; };
		9265912423D6D55F009A8C6F /* UITextField+Extension.swift in Sources */ = {isa = PBXBuildFile; fileRef = 9265912323D6D55F009A8C6F /* UITextField+Extension.swift */; };
		9298030B23D7368300417ADD /* Date+Extension.swift in Sources */ = {isa = PBXBuildFile; fileRef = 9298030A23D7368300417ADD /* Date+Extension.swift */; };
		96F4224DC3AE063D94CF8266 /* Pods_Forms_iOS_Forms_iOSUITests.framework in Frameworks */ = {isa = PBXBuildFile; fileRef = 393EFF26FD3095557A699FDB /* Pods_Forms_iOS_Forms_iOSUITests.framework */; };
		EF28C1DF23D610B20097D275 /* FormListRender.swift in Sources */ = {isa = PBXBuildFile; fileRef = EF28C1DE23D610B20097D275 /* FormListRender.swift */; };
		EF28C1E223D611040097D275 /* FormModel.swift in Sources */ = {isa = PBXBuildFile; fileRef = EF28C1E123D611040097D275 /* FormModel.swift */; };
		EF28C1E523D613340097D275 /* FormsListViewModel.swift in Sources */ = {isa = PBXBuildFile; fileRef = EF28C1E423D613340097D275 /* FormsListViewModel.swift */; };
		EF28C1E823D616040097D275 /* FormsListCell.swift in Sources */ = {isa = PBXBuildFile; fileRef = EF28C1E623D616040097D275 /* FormsListCell.swift */; };
		EF28C1E923D616040097D275 /* FormsListCell.xib in Resources */ = {isa = PBXBuildFile; fileRef = EF28C1E723D616040097D275 /* FormsListCell.xib */; };
		EF28C1EC23D618650097D275 /* UIColor+Extension.swift in Sources */ = {isa = PBXBuildFile; fileRef = EF28C1EB23D618650097D275 /* UIColor+Extension.swift */; };
		EF28C1EE23D620570097D275 /* UILabel+Extension.swift in Sources */ = {isa = PBXBuildFile; fileRef = EF28C1ED23D620570097D275 /* UILabel+Extension.swift */; };
		EF28C1F023D622C50097D275 /* CGFloat+Extension.swift in Sources */ = {isa = PBXBuildFile; fileRef = EF28C1EF23D622C50097D275 /* CGFloat+Extension.swift */; };
		EF28C1F223D624210097D275 /* UIButton+Extension.swift in Sources */ = {isa = PBXBuildFile; fileRef = EF28C1F123D624210097D275 /* UIButton+Extension.swift */; };
		EF28C1F523D627D40097D275 /* ReusableTableViewCell.swift in Sources */ = {isa = PBXBuildFile; fileRef = EF28C1F423D627D40097D275 /* ReusableTableViewCell.swift */; };
		EF28C1FA23D651A10097D275 /* FormDetailsViewController.swift in Sources */ = {isa = PBXBuildFile; fileRef = EF28C1F923D651A10097D275 /* FormDetailsViewController.swift */; };
		EF28C1FE23D6527D0097D275 /* TextInputCell.swift in Sources */ = {isa = PBXBuildFile; fileRef = EF28C1FC23D6527D0097D275 /* TextInputCell.swift */; };
		EF28C1FF23D6527D0097D275 /* TextInputCell.xib in Resources */ = {isa = PBXBuildFile; fileRef = EF28C1FD23D6527D0097D275 /* TextInputCell.xib */; };
		EF28C20123D652C20097D275 /* FormDetailsViewModel.swift in Sources */ = {isa = PBXBuildFile; fileRef = EF28C20023D652C20097D275 /* FormDetailsViewModel.swift */; };
		EF28C20323D654AF0097D275 /* FormDetailsRender.swift in Sources */ = {isa = PBXBuildFile; fileRef = EF28C20223D654AF0097D275 /* FormDetailsRender.swift */; };
/* End PBXBuildFile section */

/* Begin PBXContainerItemProxy section */
		926590F923D5AFA0009A8C6F /* PBXContainerItemProxy */ = {
			isa = PBXContainerItemProxy;
			containerPortal = 926590DA23D5AF9E009A8C6F /* Project object */;
			proxyType = 1;
			remoteGlobalIDString = 926590E123D5AF9E009A8C6F;
			remoteInfo = Forms_iOS;
		};
		9265910423D5AFA0009A8C6F /* PBXContainerItemProxy */ = {
			isa = PBXContainerItemProxy;
			containerPortal = 926590DA23D5AF9E009A8C6F /* Project object */;
			proxyType = 1;
			remoteGlobalIDString = 926590E123D5AF9E009A8C6F;
			remoteInfo = Forms_iOS;
		};
/* End PBXContainerItemProxy section */

/* Begin PBXFileReference section */
		163FCE82581526795AA340CF /* Pods_Forms_iOS.framework */ = {isa = PBXFileReference; explicitFileType = wrapper.framework; includeInIndex = 0; path = Pods_Forms_iOS.framework; sourceTree = BUILT_PRODUCTS_DIR; };
		2943B04D80F31E6E1BA829AF /* Pods-Forms_iOSTests.release.xcconfig */ = {isa = PBXFileReference; includeInIndex = 1; lastKnownFileType = text.xcconfig; name = "Pods-Forms_iOSTests.release.xcconfig"; path = "Target Support Files/Pods-Forms_iOSTests/Pods-Forms_iOSTests.release.xcconfig"; sourceTree = "<group>"; };
		393EFF26FD3095557A699FDB /* Pods_Forms_iOS_Forms_iOSUITests.framework */ = {isa = PBXFileReference; explicitFileType = wrapper.framework; includeInIndex = 0; path = Pods_Forms_iOS_Forms_iOSUITests.framework; sourceTree = BUILT_PRODUCTS_DIR; };
		4BD8B77A295C29717566DDDF /* Pods-Forms_iOS-Forms_iOSUITests.debug.xcconfig */ = {isa = PBXFileReference; includeInIndex = 1; lastKnownFileType = text.xcconfig; name = "Pods-Forms_iOS-Forms_iOSUITests.debug.xcconfig"; path = "Target Support Files/Pods-Forms_iOS-Forms_iOSUITests/Pods-Forms_iOS-Forms_iOSUITests.debug.xcconfig"; sourceTree = "<group>"; };
		7457CCFBF80E0037F1E6E414 /* Pods-Forms_iOS.debug.xcconfig */ = {isa = PBXFileReference; includeInIndex = 1; lastKnownFileType = text.xcconfig; name = "Pods-Forms_iOS.debug.xcconfig"; path = "Target Support Files/Pods-Forms_iOS/Pods-Forms_iOS.debug.xcconfig"; sourceTree = "<group>"; };
		926590E223D5AF9E009A8C6F /* Forms_iOS.app */ = {isa = PBXFileReference; explicitFileType = wrapper.application; includeInIndex = 0; path = Forms_iOS.app; sourceTree = BUILT_PRODUCTS_DIR; };
		926590E523D5AF9E009A8C6F /* AppDelegate.swift */ = {isa = PBXFileReference; lastKnownFileType = sourcecode.swift; path = AppDelegate.swift; sourceTree = "<group>"; };
		926590E723D5AF9E009A8C6F /* SceneDelegate.swift */ = {isa = PBXFileReference; lastKnownFileType = sourcecode.swift; path = SceneDelegate.swift; sourceTree = "<group>"; };
		926590EC23D5AF9E009A8C6F /* Base */ = {isa = PBXFileReference; lastKnownFileType = file.storyboard; name = Base; path = Base.lproj/Main.storyboard; sourceTree = "<group>"; };
		926590EE23D5AF9F009A8C6F /* Assets.xcassets */ = {isa = PBXFileReference; lastKnownFileType = folder.assetcatalog; path = Assets.xcassets; sourceTree = "<group>"; };
		926590F123D5AF9F009A8C6F /* Base */ = {isa = PBXFileReference; lastKnownFileType = file.storyboard; name = Base; path = Base.lproj/LaunchScreen.storyboard; sourceTree = "<group>"; };
		926590F323D5AF9F009A8C6F /* Info.plist */ = {isa = PBXFileReference; lastKnownFileType = text.plist.xml; path = Info.plist; sourceTree = "<group>"; };
		926590F823D5AFA0009A8C6F /* Forms_iOSTests.xctest */ = {isa = PBXFileReference; explicitFileType = wrapper.cfbundle; includeInIndex = 0; path = Forms_iOSTests.xctest; sourceTree = BUILT_PRODUCTS_DIR; };
		926590FC23D5AFA0009A8C6F /* Forms_iOSTests.swift */ = {isa = PBXFileReference; lastKnownFileType = sourcecode.swift; path = Forms_iOSTests.swift; sourceTree = "<group>"; };
		926590FE23D5AFA0009A8C6F /* Info.plist */ = {isa = PBXFileReference; lastKnownFileType = text.plist.xml; path = Info.plist; sourceTree = "<group>"; };
		9265910323D5AFA0009A8C6F /* Forms_iOSUITests.xctest */ = {isa = PBXFileReference; explicitFileType = wrapper.cfbundle; includeInIndex = 0; path = Forms_iOSUITests.xctest; sourceTree = BUILT_PRODUCTS_DIR; };
		9265910723D5AFA0009A8C6F /* Forms_iOSUITests.swift */ = {isa = PBXFileReference; lastKnownFileType = sourcecode.swift; path = Forms_iOSUITests.swift; sourceTree = "<group>"; };
		9265910923D5AFA0009A8C6F /* Info.plist */ = {isa = PBXFileReference; lastKnownFileType = text.plist.xml; path = Info.plist; sourceTree = "<group>"; };
		9265911C23D5B18E009A8C6F /* FormListViewController.swift */ = {isa = PBXFileReference; lastKnownFileType = sourcecode.swift; path = FormListViewController.swift; sourceTree = "<group>"; };
		9265911E23D5C95A009A8C6F /* UIViewController+Extension.swift */ = {isa = PBXFileReference; lastKnownFileType = sourcecode.swift; path = "UIViewController+Extension.swift"; sourceTree = "<group>"; };
		9265912123D5C9AA009A8C6F /* Constants.swift */ = {isa = PBXFileReference; lastKnownFileType = sourcecode.swift; path = Constants.swift; sourceTree = "<group>"; };
		9265912323D6D55F009A8C6F /* UITextField+Extension.swift */ = {isa = PBXFileReference; lastKnownFileType = sourcecode.swift; path = "UITextField+Extension.swift"; sourceTree = "<group>"; };
		9298030A23D7368300417ADD /* Date+Extension.swift */ = {isa = PBXFileReference; lastKnownFileType = sourcecode.swift; path = "Date+Extension.swift"; sourceTree = "<group>"; };
		B0D1A56475FDD90EA703B7D6 /* Pods-Forms_iOSTests.debug.xcconfig */ = {isa = PBXFileReference; includeInIndex = 1; lastKnownFileType = text.xcconfig; name = "Pods-Forms_iOSTests.debug.xcconfig"; path = "Target Support Files/Pods-Forms_iOSTests/Pods-Forms_iOSTests.debug.xcconfig"; sourceTree = "<group>"; };
		B776FD4846FD6EEA0E1131D1 /* Pods_Forms_iOSTests.framework */ = {isa = PBXFileReference; explicitFileType = wrapper.framework; includeInIndex = 0; path = Pods_Forms_iOSTests.framework; sourceTree = BUILT_PRODUCTS_DIR; };
		D76A8B20451E55EFE95E2A55 /* Pods-Forms_iOS-Forms_iOSUITests.release.xcconfig */ = {isa = PBXFileReference; includeInIndex = 1; lastKnownFileType = text.xcconfig; name = "Pods-Forms_iOS-Forms_iOSUITests.release.xcconfig"; path = "Target Support Files/Pods-Forms_iOS-Forms_iOSUITests/Pods-Forms_iOS-Forms_iOSUITests.release.xcconfig"; sourceTree = "<group>"; };
		E1A470070BC45C1CCC0583D7 /* Pods-Forms_iOS.release.xcconfig */ = {isa = PBXFileReference; includeInIndex = 1; lastKnownFileType = text.xcconfig; name = "Pods-Forms_iOS.release.xcconfig"; path = "Target Support Files/Pods-Forms_iOS/Pods-Forms_iOS.release.xcconfig"; sourceTree = "<group>"; };
		EF28C1DE23D610B20097D275 /* FormListRender.swift */ = {isa = PBXFileReference; lastKnownFileType = sourcecode.swift; path = FormListRender.swift; sourceTree = "<group>"; };
		EF28C1E123D611040097D275 /* FormModel.swift */ = {isa = PBXFileReference; lastKnownFileType = sourcecode.swift; path = FormModel.swift; sourceTree = "<group>"; };
		EF28C1E423D613340097D275 /* FormsListViewModel.swift */ = {isa = PBXFileReference; lastKnownFileType = sourcecode.swift; path = FormsListViewModel.swift; sourceTree = "<group>"; };
		EF28C1E623D616040097D275 /* FormsListCell.swift */ = {isa = PBXFileReference; lastKnownFileType = sourcecode.swift; name = FormsListCell.swift; path = Forms_iOS/AppGroup/FormListScreen/View/Cell/FormsListCell.swift; sourceTree = SOURCE_ROOT; };
		EF28C1E723D616040097D275 /* FormsListCell.xib */ = {isa = PBXFileReference; lastKnownFileType = file.xib; name = FormsListCell.xib; path = Forms_iOS/AppGroup/FormListScreen/View/Cell/FormsListCell.xib; sourceTree = SOURCE_ROOT; };
		EF28C1EB23D618650097D275 /* UIColor+Extension.swift */ = {isa = PBXFileReference; lastKnownFileType = sourcecode.swift; path = "UIColor+Extension.swift"; sourceTree = "<group>"; };
		EF28C1ED23D620570097D275 /* UILabel+Extension.swift */ = {isa = PBXFileReference; lastKnownFileType = sourcecode.swift; path = "UILabel+Extension.swift"; sourceTree = "<group>"; };
		EF28C1EF23D622C50097D275 /* CGFloat+Extension.swift */ = {isa = PBXFileReference; lastKnownFileType = sourcecode.swift; path = "CGFloat+Extension.swift"; sourceTree = "<group>"; };
		EF28C1F123D624210097D275 /* UIButton+Extension.swift */ = {isa = PBXFileReference; lastKnownFileType = sourcecode.swift; path = "UIButton+Extension.swift"; sourceTree = "<group>"; };
		EF28C1F423D627D40097D275 /* ReusableTableViewCell.swift */ = {isa = PBXFileReference; lastKnownFileType = sourcecode.swift; path = ReusableTableViewCell.swift; sourceTree = "<group>"; };
		EF28C1F923D651A10097D275 /* FormDetailsViewController.swift */ = {isa = PBXFileReference; lastKnownFileType = sourcecode.swift; path = FormDetailsViewController.swift; sourceTree = "<group>"; };
		EF28C1FC23D6527D0097D275 /* TextInputCell.swift */ = {isa = PBXFileReference; lastKnownFileType = sourcecode.swift; path = TextInputCell.swift; sourceTree = "<group>"; };
		EF28C1FD23D6527D0097D275 /* TextInputCell.xib */ = {isa = PBXFileReference; lastKnownFileType = file.xib; path = TextInputCell.xib; sourceTree = "<group>"; };
		EF28C20023D652C20097D275 /* FormDetailsViewModel.swift */ = {isa = PBXFileReference; lastKnownFileType = sourcecode.swift; path = FormDetailsViewModel.swift; sourceTree = "<group>"; };
		EF28C20223D654AF0097D275 /* FormDetailsRender.swift */ = {isa = PBXFileReference; lastKnownFileType = sourcecode.swift; path = FormDetailsRender.swift; sourceTree = "<group>"; };
/* End PBXFileReference section */

/* Begin PBXFrameworksBuildPhase section */
		926590DF23D5AF9E009A8C6F /* Frameworks */ = {
			isa = PBXFrameworksBuildPhase;
			buildActionMask = 2147483647;
			files = (
				3056B1083277ED25E31E1128 /* Pods_Forms_iOS.framework in Frameworks */,
			);
			runOnlyForDeploymentPostprocessing = 0;
		};
		926590F523D5AFA0009A8C6F /* Frameworks */ = {
			isa = PBXFrameworksBuildPhase;
			buildActionMask = 2147483647;
			files = (
				8509E08CA74A59EEF8A766AF /* Pods_Forms_iOSTests.framework in Frameworks */,
			);
			runOnlyForDeploymentPostprocessing = 0;
		};
		9265910023D5AFA0009A8C6F /* Frameworks */ = {
			isa = PBXFrameworksBuildPhase;
			buildActionMask = 2147483647;
			files = (
				96F4224DC3AE063D94CF8266 /* Pods_Forms_iOS_Forms_iOSUITests.framework in Frameworks */,
			);
			runOnlyForDeploymentPostprocessing = 0;
		};
/* End PBXFrameworksBuildPhase section */

/* Begin PBXGroup section */
		807CA221C99C759153521C10 /* Pods */ = {
			isa = PBXGroup;
			children = (
				7457CCFBF80E0037F1E6E414 /* Pods-Forms_iOS.debug.xcconfig */,
				E1A470070BC45C1CCC0583D7 /* Pods-Forms_iOS.release.xcconfig */,
				4BD8B77A295C29717566DDDF /* Pods-Forms_iOS-Forms_iOSUITests.debug.xcconfig */,
				D76A8B20451E55EFE95E2A55 /* Pods-Forms_iOS-Forms_iOSUITests.release.xcconfig */,
				B0D1A56475FDD90EA703B7D6 /* Pods-Forms_iOSTests.debug.xcconfig */,
				2943B04D80F31E6E1BA829AF /* Pods-Forms_iOSTests.release.xcconfig */,
			);
			path = Pods;
			sourceTree = "<group>";
		};
		91C23A3AFC077D8E28FCD091 /* Frameworks */ = {
			isa = PBXGroup;
			children = (
				163FCE82581526795AA340CF /* Pods_Forms_iOS.framework */,
				393EFF26FD3095557A699FDB /* Pods_Forms_iOS_Forms_iOSUITests.framework */,
				B776FD4846FD6EEA0E1131D1 /* Pods_Forms_iOSTests.framework */,
			);
			name = Frameworks;
			sourceTree = "<group>";
		};
		926590D923D5AF9E009A8C6F = {
			isa = PBXGroup;
			children = (
				926590E423D5AF9E009A8C6F /* Forms_iOS */,
				926590FB23D5AFA0009A8C6F /* Forms_iOSTests */,
				9265910623D5AFA0009A8C6F /* Forms_iOSUITests */,
				926590E323D5AF9E009A8C6F /* Products */,
				807CA221C99C759153521C10 /* Pods */,
				91C23A3AFC077D8E28FCD091 /* Frameworks */,
			);
			sourceTree = "<group>";
		};
		926590E323D5AF9E009A8C6F /* Products */ = {
			isa = PBXGroup;
			children = (
				926590E223D5AF9E009A8C6F /* Forms_iOS.app */,
				926590F823D5AFA0009A8C6F /* Forms_iOSTests.xctest */,
				9265910323D5AFA0009A8C6F /* Forms_iOSUITests.xctest */,
			);
			name = Products;
			sourceTree = "<group>";
		};
		926590E423D5AF9E009A8C6F /* Forms_iOS */ = {
			isa = PBXGroup;
			children = (
				9265911823D5B0DA009A8C6F /* AppGroup */,
				9265911523D5AFBE009A8C6F /* Helper */,
				926590EB23D5AF9E009A8C6F /* Main.storyboard */,
				926590EE23D5AF9F009A8C6F /* Assets.xcassets */,
				926590F023D5AF9F009A8C6F /* LaunchScreen.storyboard */,
				926590F323D5AF9F009A8C6F /* Info.plist */,
			);
			path = Forms_iOS;
			sourceTree = "<group>";
		};
		926590FB23D5AFA0009A8C6F /* Forms_iOSTests */ = {
			isa = PBXGroup;
			children = (
				926590FC23D5AFA0009A8C6F /* Forms_iOSTests.swift */,
				926590FE23D5AFA0009A8C6F /* Info.plist */,
			);
			path = Forms_iOSTests;
			sourceTree = "<group>";
		};
		9265910623D5AFA0009A8C6F /* Forms_iOSUITests */ = {
			isa = PBXGroup;
			children = (
				9265910723D5AFA0009A8C6F /* Forms_iOSUITests.swift */,
				9265910923D5AFA0009A8C6F /* Info.plist */,
			);
			path = Forms_iOSUITests;
			sourceTree = "<group>";
		};
		9265911523D5AFBE009A8C6F /* Helper */ = {
			isa = PBXGroup;
			children = (
				EF28C1F323D627BF0097D275 /* CommonClasses */,
				9265912023D5C99A009A8C6F /* Config */,
				9265911723D5B0AD009A8C6F /* Extensions */,
				9265911623D5AFCF009A8C6F /* AppDriver */,
			);
			path = Helper;
			sourceTree = "<group>";
		};
		9265911623D5AFCF009A8C6F /* AppDriver */ = {
			isa = PBXGroup;
			children = (
				926590E523D5AF9E009A8C6F /* AppDelegate.swift */,
				926590E723D5AF9E009A8C6F /* SceneDelegate.swift */,
			);
			path = AppDriver;
			sourceTree = "<group>";
		};
		9265911723D5B0AD009A8C6F /* Extensions */ = {
			isa = PBXGroup;
			children = (
				9265911E23D5C95A009A8C6F /* UIViewController+Extension.swift */,
				EF28C1EB23D618650097D275 /* UIColor+Extension.swift */,
				EF28C1ED23D620570097D275 /* UILabel+Extension.swift */,
				EF28C1EF23D622C50097D275 /* CGFloat+Extension.swift */,
				EF28C1F123D624210097D275 /* UIButton+Extension.swift */,
				9265912323D6D55F009A8C6F /* UITextField+Extension.swift */,
				9298030A23D7368300417ADD /* Date+Extension.swift */,
			);
			path = Extensions;
			sourceTree = "<group>";
		};
		9265911823D5B0DA009A8C6F /* AppGroup */ = {
			isa = PBXGroup;
			children = (
				EF28C1F623D651570097D275 /* FormDetailsScreen */,
				9265911923D5B12D009A8C6F /* FormListScreen */,
			);
			path = AppGroup;
			sourceTree = "<group>";
		};
		9265911923D5B12D009A8C6F /* FormListScreen */ = {
			isa = PBXGroup;
			children = (
				EF28C1E323D612DC0097D275 /* ViewModel */,
				EF28C1E023D610F50097D275 /* Model */,
				9265911A23D5B13C009A8C6F /* View */,
			);
			path = FormListScreen;
			sourceTree = "<group>";
		};
		9265911A23D5B13C009A8C6F /* View */ = {
			isa = PBXGroup;
			children = (
				EF28C1EA23D616260097D275 /* Cell */,
				9265911C23D5B18E009A8C6F /* FormListViewController.swift */,
				EF28C1DE23D610B20097D275 /* FormListRender.swift */,
			);
			path = View;
			sourceTree = "<group>";
		};
		9265912023D5C99A009A8C6F /* Config */ = {
			isa = PBXGroup;
			children = (
				9265912123D5C9AA009A8C6F /* Constants.swift */,
			);
			path = Config;
			sourceTree = "<group>";
		};
		EF28C1E023D610F50097D275 /* Model */ = {
			isa = PBXGroup;
			children = (
				EF28C1E123D611040097D275 /* FormModel.swift */,
			);
			path = Model;
			sourceTree = "<group>";
		};
		EF28C1E323D612DC0097D275 /* ViewModel */ = {
			isa = PBXGroup;
			children = (
				EF28C1E423D613340097D275 /* FormsListViewModel.swift */,
			);
			path = ViewModel;
			sourceTree = "<group>";
		};
		EF28C1EA23D616260097D275 /* Cell */ = {
			isa = PBXGroup;
			children = (
				EF28C1E623D616040097D275 /* FormsListCell.swift */,
				EF28C1E723D616040097D275 /* FormsListCell.xib */,
			);
			path = Cell;
			sourceTree = "<group>";
		};
		EF28C1F323D627BF0097D275 /* CommonClasses */ = {
			isa = PBXGroup;
			children = (
				EF28C1F423D627D40097D275 /* ReusableTableViewCell.swift */,
			);
			path = CommonClasses;
			sourceTree = "<group>";
		};
		EF28C1F623D651570097D275 /* FormDetailsScreen */ = {
			isa = PBXGroup;
			children = (
				EF28C1F823D651720097D275 /* ViewModel */,
				EF28C1F723D6516B0097D275 /* View */,
			);
			path = FormDetailsScreen;
			sourceTree = "<group>";
		};
		EF28C1F723D6516B0097D275 /* View */ = {
			isa = PBXGroup;
			children = (
				EF28C1FB23D652400097D275 /* Cell */,
				EF28C1F923D651A10097D275 /* FormDetailsViewController.swift */,
				EF28C20223D654AF0097D275 /* FormDetailsRender.swift */,
			);
			path = View;
			sourceTree = "<group>";
		};
		EF28C1F823D651720097D275 /* ViewModel */ = {
			isa = PBXGroup;
			children = (
				EF28C20023D652C20097D275 /* FormDetailsViewModel.swift */,
			);
			path = ViewModel;
			sourceTree = "<group>";
		};
		EF28C1FB23D652400097D275 /* Cell */ = {
			isa = PBXGroup;
			children = (
				EF28C1FC23D6527D0097D275 /* TextInputCell.swift */,
				EF28C1FD23D6527D0097D275 /* TextInputCell.xib */,
			);
			path = Cell;
			sourceTree = "<group>";
		};
/* End PBXGroup section */

/* Begin PBXNativeTarget section */
		926590E123D5AF9E009A8C6F /* Forms_iOS */ = {
			isa = PBXNativeTarget;
			buildConfigurationList = 9265910C23D5AFA0009A8C6F /* Build configuration list for PBXNativeTarget "Forms_iOS" */;
			buildPhases = (
				FCA414C8D1A6A674B81A1D25 /* [CP] Check Pods Manifest.lock */,
				926590DE23D5AF9E009A8C6F /* Sources */,
				926590DF23D5AF9E009A8C6F /* Frameworks */,
				926590E023D5AF9E009A8C6F /* Resources */,
				342D40ABFF088BD9F85145AC /* [CP] Embed Pods Frameworks */,
			);
			buildRules = (
			);
			dependencies = (
			);
			name = Forms_iOS;
			productName = Forms_iOS;
			productReference = 926590E223D5AF9E009A8C6F /* Forms_iOS.app */;
			productType = "com.apple.product-type.application";
		};
		926590F723D5AFA0009A8C6F /* Forms_iOSTests */ = {
			isa = PBXNativeTarget;
			buildConfigurationList = 9265910F23D5AFA0009A8C6F /* Build configuration list for PBXNativeTarget "Forms_iOSTests" */;
			buildPhases = (
				0B184DEF534643469C5ED4CF /* [CP] Check Pods Manifest.lock */,
				926590F423D5AFA0009A8C6F /* Sources */,
				926590F523D5AFA0009A8C6F /* Frameworks */,
				926590F623D5AFA0009A8C6F /* Resources */,
			);
			buildRules = (
			);
			dependencies = (
				926590FA23D5AFA0009A8C6F /* PBXTargetDependency */,
			);
			name = Forms_iOSTests;
			productName = Forms_iOSTests;
			productReference = 926590F823D5AFA0009A8C6F /* Forms_iOSTests.xctest */;
			productType = "com.apple.product-type.bundle.unit-test";
		};
		9265910223D5AFA0009A8C6F /* Forms_iOSUITests */ = {
			isa = PBXNativeTarget;
			buildConfigurationList = 9265911223D5AFA0009A8C6F /* Build configuration list for PBXNativeTarget "Forms_iOSUITests" */;
			buildPhases = (
				2998B4F39E7742CC64C5D9C9 /* [CP] Check Pods Manifest.lock */,
				926590FF23D5AFA0009A8C6F /* Sources */,
				9265910023D5AFA0009A8C6F /* Frameworks */,
				9265910123D5AFA0009A8C6F /* Resources */,
				63FDBA2421F4E78EC31CA7A6 /* [CP] Embed Pods Frameworks */,
			);
			buildRules = (
			);
			dependencies = (
				9265910523D5AFA0009A8C6F /* PBXTargetDependency */,
			);
			name = Forms_iOSUITests;
			productName = Forms_iOSUITests;
			productReference = 9265910323D5AFA0009A8C6F /* Forms_iOSUITests.xctest */;
			productType = "com.apple.product-type.bundle.ui-testing";
		};
/* End PBXNativeTarget section */

/* Begin PBXProject section */
		926590DA23D5AF9E009A8C6F /* Project object */ = {
			isa = PBXProject;
			attributes = {
				LastSwiftUpdateCheck = 1120;
				LastUpgradeCheck = 1120;
				ORGANIZATIONNAME = Soumya;
				TargetAttributes = {
					926590E123D5AF9E009A8C6F = {
						CreatedOnToolsVersion = 11.2.1;
					};
					926590F723D5AFA0009A8C6F = {
						CreatedOnToolsVersion = 11.2.1;
						TestTargetID = 926590E123D5AF9E009A8C6F;
					};
					9265910223D5AFA0009A8C6F = {
						CreatedOnToolsVersion = 11.2.1;
						TestTargetID = 926590E123D5AF9E009A8C6F;
					};
				};
			};
			buildConfigurationList = 926590DD23D5AF9E009A8C6F /* Build configuration list for PBXProject "Forms_iOS" */;
			compatibilityVersion = "Xcode 9.3";
			developmentRegion = en;
			hasScannedForEncodings = 0;
			knownRegions = (
				en,
				Base,
			);
			mainGroup = 926590D923D5AF9E009A8C6F;
			productRefGroup = 926590E323D5AF9E009A8C6F /* Products */;
			projectDirPath = "";
			projectRoot = "";
			targets = (
				926590E123D5AF9E009A8C6F /* Forms_iOS */,
				926590F723D5AFA0009A8C6F /* Forms_iOSTests */,
				9265910223D5AFA0009A8C6F /* Forms_iOSUITests */,
			);
		};
/* End PBXProject section */

/* Begin PBXResourcesBuildPhase section */
		926590E023D5AF9E009A8C6F /* Resources */ = {
			isa = PBXResourcesBuildPhase;
			buildActionMask = 2147483647;
			files = (
				926590F223D5AF9F009A8C6F /* LaunchScreen.storyboard in Resources */,
				EF28C1FF23D6527D0097D275 /* TextInputCell.xib in Resources */,
				EF28C1E923D616040097D275 /* FormsListCell.xib in Resources */,
				926590EF23D5AF9F009A8C6F /* Assets.xcassets in Resources */,
				926590ED23D5AF9E009A8C6F /* Main.storyboard in Resources */,
			);
			runOnlyForDeploymentPostprocessing = 0;
		};
		926590F623D5AFA0009A8C6F /* Resources */ = {
			isa = PBXResourcesBuildPhase;
			buildActionMask = 2147483647;
			files = (
			);
			runOnlyForDeploymentPostprocessing = 0;
		};
		9265910123D5AFA0009A8C6F /* Resources */ = {
			isa = PBXResourcesBuildPhase;
			buildActionMask = 2147483647;
			files = (
			);
			runOnlyForDeploymentPostprocessing = 0;
		};
/* End PBXResourcesBuildPhase section */

/* Begin PBXShellScriptBuildPhase section */
		0B184DEF534643469C5ED4CF /* [CP] Check Pods Manifest.lock */ = {
			isa = PBXShellScriptBuildPhase;
			buildActionMask = 2147483647;
			files = (
			);
			inputFileListPaths = (
			);
			inputPaths = (
				"${PODS_PODFILE_DIR_PATH}/Podfile.lock",
				"${PODS_ROOT}/Manifest.lock",
			);
			name = "[CP] Check Pods Manifest.lock";
			outputFileListPaths = (
			);
			outputPaths = (
				"$(DERIVED_FILE_DIR)/Pods-Forms_iOSTests-checkManifestLockResult.txt",
			);
			runOnlyForDeploymentPostprocessing = 0;
			shellPath = /bin/sh;
			shellScript = "diff \"${PODS_PODFILE_DIR_PATH}/Podfile.lock\" \"${PODS_ROOT}/Manifest.lock\" > /dev/null\nif [ $? != 0 ] ; then\n    # print error to STDERR\n    echo \"error: The sandbox is not in sync with the Podfile.lock. Run 'pod install' or update your CocoaPods installation.\" >&2\n    exit 1\nfi\n# This output is used by Xcode 'outputs' to avoid re-running this script phase.\necho \"SUCCESS\" > \"${SCRIPT_OUTPUT_FILE_0}\"\n";
			showEnvVarsInLog = 0;
		};
		2998B4F39E7742CC64C5D9C9 /* [CP] Check Pods Manifest.lock */ = {
			isa = PBXShellScriptBuildPhase;
			buildActionMask = 2147483647;
			files = (
			);
			inputFileListPaths = (
			);
			inputPaths = (
				"${PODS_PODFILE_DIR_PATH}/Podfile.lock",
				"${PODS_ROOT}/Manifest.lock",
			);
			name = "[CP] Check Pods Manifest.lock";
			outputFileListPaths = (
			);
			outputPaths = (
				"$(DERIVED_FILE_DIR)/Pods-Forms_iOS-Forms_iOSUITests-checkManifestLockResult.txt",
			);
			runOnlyForDeploymentPostprocessing = 0;
			shellPath = /bin/sh;
			shellScript = "diff \"${PODS_PODFILE_DIR_PATH}/Podfile.lock\" \"${PODS_ROOT}/Manifest.lock\" > /dev/null\nif [ $? != 0 ] ; then\n    # print error to STDERR\n    echo \"error: The sandbox is not in sync with the Podfile.lock. Run 'pod install' or update your CocoaPods installation.\" >&2\n    exit 1\nfi\n# This output is used by Xcode 'outputs' to avoid re-running this script phase.\necho \"SUCCESS\" > \"${SCRIPT_OUTPUT_FILE_0}\"\n";
			showEnvVarsInLog = 0;
		};
		342D40ABFF088BD9F85145AC /* [CP] Embed Pods Frameworks */ = {
			isa = PBXShellScriptBuildPhase;
			buildActionMask = 2147483647;
			files = (
			);
			inputFileListPaths = (
				"${PODS_ROOT}/Target Support Files/Pods-Forms_iOS/Pods-Forms_iOS-frameworks-${CONFIGURATION}-input-files.xcfilelist",
			);
			name = "[CP] Embed Pods Frameworks";
			outputFileListPaths = (
				"${PODS_ROOT}/Target Support Files/Pods-Forms_iOS/Pods-Forms_iOS-frameworks-${CONFIGURATION}-output-files.xcfilelist",
			);
			runOnlyForDeploymentPostprocessing = 0;
			shellPath = /bin/sh;
			shellScript = "\"${PODS_ROOT}/Target Support Files/Pods-Forms_iOS/Pods-Forms_iOS-frameworks.sh\"\n";
			showEnvVarsInLog = 0;
		};
		63FDBA2421F4E78EC31CA7A6 /* [CP] Embed Pods Frameworks */ = {
			isa = PBXShellScriptBuildPhase;
			buildActionMask = 2147483647;
			files = (
			);
			inputFileListPaths = (
				"${PODS_ROOT}/Target Support Files/Pods-Forms_iOS-Forms_iOSUITests/Pods-Forms_iOS-Forms_iOSUITests-frameworks-${CONFIGURATION}-input-files.xcfilelist",
			);
			name = "[CP] Embed Pods Frameworks";
			outputFileListPaths = (
				"${PODS_ROOT}/Target Support Files/Pods-Forms_iOS-Forms_iOSUITests/Pods-Forms_iOS-Forms_iOSUITests-frameworks-${CONFIGURATION}-output-files.xcfilelist",
			);
			runOnlyForDeploymentPostprocessing = 0;
			shellPath = /bin/sh;
			shellScript = "\"${PODS_ROOT}/Target Support Files/Pods-Forms_iOS-Forms_iOSUITests/Pods-Forms_iOS-Forms_iOSUITests-frameworks.sh\"\n";
			showEnvVarsInLog = 0;
		};
		FCA414C8D1A6A674B81A1D25 /* [CP] Check Pods Manifest.lock */ = {
			isa = PBXShellScriptBuildPhase;
			buildActionMask = 2147483647;
			files = (
			);
			inputFileListPaths = (
			);
			inputPaths = (
				"${PODS_PODFILE_DIR_PATH}/Podfile.lock",
				"${PODS_ROOT}/Manifest.lock",
			);
			name = "[CP] Check Pods Manifest.lock";
			outputFileListPaths = (
			);
			outputPaths = (
				"$(DERIVED_FILE_DIR)/Pods-Forms_iOS-checkManifestLockResult.txt",
			);
			runOnlyForDeploymentPostprocessing = 0;
			shellPath = /bin/sh;
			shellScript = "diff \"${PODS_PODFILE_DIR_PATH}/Podfile.lock\" \"${PODS_ROOT}/Manifest.lock\" > /dev/null\nif [ $? != 0 ] ; then\n    # print error to STDERR\n    echo \"error: The sandbox is not in sync with the Podfile.lock. Run 'pod install' or update your CocoaPods installation.\" >&2\n    exit 1\nfi\n# This output is used by Xcode 'outputs' to avoid re-running this script phase.\necho \"SUCCESS\" > \"${SCRIPT_OUTPUT_FILE_0}\"\n";
			showEnvVarsInLog = 0;
		};
/* End PBXShellScriptBuildPhase section */

/* Begin PBXSourcesBuildPhase section */
		926590DE23D5AF9E009A8C6F /* Sources */ = {
			isa = PBXSourcesBuildPhase;
			buildActionMask = 2147483647;
			files = (
				9265912423D6D55F009A8C6F /* UITextField+Extension.swift in Sources */,
				EF28C20123D652C20097D275 /* FormDetailsViewModel.swift in Sources */,
				EF28C1EE23D620570097D275 /* UILabel+Extension.swift in Sources */,
				EF28C1E223D611040097D275 /* FormModel.swift in Sources */,
				EF28C1FE23D6527D0097D275 /* TextInputCell.swift in Sources */,
				9298030B23D7368300417ADD /* Date+Extension.swift in Sources */,
				EF28C1F223D624210097D275 /* UIButton+Extension.swift in Sources */,
				EF28C1F023D622C50097D275 /* CGFloat+Extension.swift in Sources */,
				9265912223D5C9AA009A8C6F /* Constants.swift in Sources */,
				EF28C1FA23D651A10097D275 /* FormDetailsViewController.swift in Sources */,
				EF28C1E523D613340097D275 /* FormsListViewModel.swift in Sources */,
				9265911F23D5C95A009A8C6F /* UIViewController+Extension.swift in Sources */,
				926590E623D5AF9E009A8C6F /* AppDelegate.swift in Sources */,
				EF28C1E823D616040097D275 /* FormsListCell.swift in Sources */,
				9265911D23D5B18E009A8C6F /* FormListViewController.swift in Sources */,
				926590E823D5AF9E009A8C6F /* SceneDelegate.swift in Sources */,
				EF28C20323D654AF0097D275 /* FormDetailsRender.swift in Sources */,
				EF28C1DF23D610B20097D275 /* FormListRender.swift in Sources */,
				EF28C1F523D627D40097D275 /* ReusableTableViewCell.swift in Sources */,
				EF28C1EC23D618650097D275 /* UIColor+Extension.swift in Sources */,
			);
			runOnlyForDeploymentPostprocessing = 0;
		};
		926590F423D5AFA0009A8C6F /* Sources */ = {
			isa = PBXSourcesBuildPhase;
			buildActionMask = 2147483647;
			files = (
				926590FD23D5AFA0009A8C6F /* Forms_iOSTests.swift in Sources */,
			);
			runOnlyForDeploymentPostprocessing = 0;
		};
		926590FF23D5AFA0009A8C6F /* Sources */ = {
			isa = PBXSourcesBuildPhase;
			buildActionMask = 2147483647;
			files = (
				9265910823D5AFA0009A8C6F /* Forms_iOSUITests.swift in Sources */,
			);
			runOnlyForDeploymentPostprocessing = 0;
		};
/* End PBXSourcesBuildPhase section */

/* Begin PBXTargetDependency section */
		926590FA23D5AFA0009A8C6F /* PBXTargetDependency */ = {
			isa = PBXTargetDependency;
			target = 926590E123D5AF9E009A8C6F /* Forms_iOS */;
			targetProxy = 926590F923D5AFA0009A8C6F /* PBXContainerItemProxy */;
		};
		9265910523D5AFA0009A8C6F /* PBXTargetDependency */ = {
			isa = PBXTargetDependency;
			target = 926590E123D5AF9E009A8C6F /* Forms_iOS */;
			targetProxy = 9265910423D5AFA0009A8C6F /* PBXContainerItemProxy */;
		};
/* End PBXTargetDependency section */

/* Begin PBXVariantGroup section */
		926590EB23D5AF9E009A8C6F /* Main.storyboard */ = {
			isa = PBXVariantGroup;
			children = (
				926590EC23D5AF9E009A8C6F /* Base */,
			);
			name = Main.storyboard;
			sourceTree = "<group>";
		};
		926590F023D5AF9F009A8C6F /* LaunchScreen.storyboard */ = {
			isa = PBXVariantGroup;
			children = (
				926590F123D5AF9F009A8C6F /* Base */,
			);
			name = LaunchScreen.storyboard;
			sourceTree = "<group>";
		};
/* End PBXVariantGroup section */

/* Begin XCBuildConfiguration section */
		9265910A23D5AFA0009A8C6F /* Debug */ = {
			isa = XCBuildConfiguration;
			buildSettings = {
				ALWAYS_SEARCH_USER_PATHS = NO;
				CLANG_ANALYZER_NONNULL = YES;
				CLANG_ANALYZER_NUMBER_OBJECT_CONVERSION = YES_AGGRESSIVE;
				CLANG_CXX_LANGUAGE_STANDARD = "gnu++14";
				CLANG_CXX_LIBRARY = "libc++";
				CLANG_ENABLE_MODULES = YES;
				CLANG_ENABLE_OBJC_ARC = YES;
				CLANG_ENABLE_OBJC_WEAK = YES;
				CLANG_WARN_BLOCK_CAPTURE_AUTORELEASING = YES;
				CLANG_WARN_BOOL_CONVERSION = YES;
				CLANG_WARN_COMMA = YES;
				CLANG_WARN_CONSTANT_CONVERSION = YES;
				CLANG_WARN_DEPRECATED_OBJC_IMPLEMENTATIONS = YES;
				CLANG_WARN_DIRECT_OBJC_ISA_USAGE = YES_ERROR;
				CLANG_WARN_DOCUMENTATION_COMMENTS = YES;
				CLANG_WARN_EMPTY_BODY = YES;
				CLANG_WARN_ENUM_CONVERSION = YES;
				CLANG_WARN_INFINITE_RECURSION = YES;
				CLANG_WARN_INT_CONVERSION = YES;
				CLANG_WARN_NON_LITERAL_NULL_CONVERSION = YES;
				CLANG_WARN_OBJC_IMPLICIT_RETAIN_SELF = YES;
				CLANG_WARN_OBJC_LITERAL_CONVERSION = YES;
				CLANG_WARN_OBJC_ROOT_CLASS = YES_ERROR;
				CLANG_WARN_RANGE_LOOP_ANALYSIS = YES;
				CLANG_WARN_STRICT_PROTOTYPES = YES;
				CLANG_WARN_SUSPICIOUS_MOVE = YES;
				CLANG_WARN_UNGUARDED_AVAILABILITY = YES_AGGRESSIVE;
				CLANG_WARN_UNREACHABLE_CODE = YES;
				CLANG_WARN__DUPLICATE_METHOD_MATCH = YES;
				COPY_PHASE_STRIP = NO;
				DEBUG_INFORMATION_FORMAT = dwarf;
				ENABLE_STRICT_OBJC_MSGSEND = YES;
				ENABLE_TESTABILITY = YES;
				GCC_C_LANGUAGE_STANDARD = gnu11;
				GCC_DYNAMIC_NO_PIC = NO;
				GCC_NO_COMMON_BLOCKS = YES;
				GCC_OPTIMIZATION_LEVEL = 0;
				GCC_PREPROCESSOR_DEFINITIONS = (
					"DEBUG=1",
					"$(inherited)",
				);
				GCC_WARN_64_TO_32_BIT_CONVERSION = YES;
				GCC_WARN_ABOUT_RETURN_TYPE = YES_ERROR;
				GCC_WARN_UNDECLARED_SELECTOR = YES;
				GCC_WARN_UNINITIALIZED_AUTOS = YES_AGGRESSIVE;
				GCC_WARN_UNUSED_FUNCTION = YES;
				GCC_WARN_UNUSED_VARIABLE = YES;
				IPHONEOS_DEPLOYMENT_TARGET = 13.2;
				MTL_ENABLE_DEBUG_INFO = INCLUDE_SOURCE;
				MTL_FAST_MATH = YES;
				ONLY_ACTIVE_ARCH = YES;
				SDKROOT = iphoneos;
				SWIFT_ACTIVE_COMPILATION_CONDITIONS = DEBUG;
				SWIFT_OPTIMIZATION_LEVEL = "-Onone";
			};
			name = Debug;
		};
		9265910B23D5AFA0009A8C6F /* Release */ = {
			isa = XCBuildConfiguration;
			buildSettings = {
				ALWAYS_SEARCH_USER_PATHS = NO;
				CLANG_ANALYZER_NONNULL = YES;
				CLANG_ANALYZER_NUMBER_OBJECT_CONVERSION = YES_AGGRESSIVE;
				CLANG_CXX_LANGUAGE_STANDARD = "gnu++14";
				CLANG_CXX_LIBRARY = "libc++";
				CLANG_ENABLE_MODULES = YES;
				CLANG_ENABLE_OBJC_ARC = YES;
				CLANG_ENABLE_OBJC_WEAK = YES;
				CLANG_WARN_BLOCK_CAPTURE_AUTORELEASING = YES;
				CLANG_WARN_BOOL_CONVERSION = YES;
				CLANG_WARN_COMMA = YES;
				CLANG_WARN_CONSTANT_CONVERSION = YES;
				CLANG_WARN_DEPRECATED_OBJC_IMPLEMENTATIONS = YES;
				CLANG_WARN_DIRECT_OBJC_ISA_USAGE = YES_ERROR;
				CLANG_WARN_DOCUMENTATION_COMMENTS = YES;
				CLANG_WARN_EMPTY_BODY = YES;
				CLANG_WARN_ENUM_CONVERSION = YES;
				CLANG_WARN_INFINITE_RECURSION = YES;
				CLANG_WARN_INT_CONVERSION = YES;
				CLANG_WARN_NON_LITERAL_NULL_CONVERSION = YES;
				CLANG_WARN_OBJC_IMPLICIT_RETAIN_SELF = YES;
				CLANG_WARN_OBJC_LITERAL_CONVERSION = YES;
				CLANG_WARN_OBJC_ROOT_CLASS = YES_ERROR;
				CLANG_WARN_RANGE_LOOP_ANALYSIS = YES;
				CLANG_WARN_STRICT_PROTOTYPES = YES;
				CLANG_WARN_SUSPICIOUS_MOVE = YES;
				CLANG_WARN_UNGUARDED_AVAILABILITY = YES_AGGRESSIVE;
				CLANG_WARN_UNREACHABLE_CODE = YES;
				CLANG_WARN__DUPLICATE_METHOD_MATCH = YES;
				COPY_PHASE_STRIP = NO;
				DEBUG_INFORMATION_FORMAT = "dwarf-with-dsym";
				ENABLE_NS_ASSERTIONS = NO;
				ENABLE_STRICT_OBJC_MSGSEND = YES;
				GCC_C_LANGUAGE_STANDARD = gnu11;
				GCC_NO_COMMON_BLOCKS = YES;
				GCC_WARN_64_TO_32_BIT_CONVERSION = YES;
				GCC_WARN_ABOUT_RETURN_TYPE = YES_ERROR;
				GCC_WARN_UNDECLARED_SELECTOR = YES;
				GCC_WARN_UNINITIALIZED_AUTOS = YES_AGGRESSIVE;
				GCC_WARN_UNUSED_FUNCTION = YES;
				GCC_WARN_UNUSED_VARIABLE = YES;
				IPHONEOS_DEPLOYMENT_TARGET = 13.2;
				MTL_ENABLE_DEBUG_INFO = NO;
				MTL_FAST_MATH = YES;
				SDKROOT = iphoneos;
				SWIFT_COMPILATION_MODE = wholemodule;
				SWIFT_OPTIMIZATION_LEVEL = "-O";
				VALIDATE_PRODUCT = YES;
			};
			name = Release;
		};
		9265910D23D5AFA0009A8C6F /* Debug */ = {
			isa = XCBuildConfiguration;
			baseConfigurationReference = 7457CCFBF80E0037F1E6E414 /* Pods-Forms_iOS.debug.xcconfig */;
			buildSettings = {
				ASSETCATALOG_COMPILER_APPICON_NAME = AppIcon;
				CODE_SIGN_STYLE = Automatic;
				INFOPLIST_FILE = Forms_iOS/Info.plist;
				LD_RUNPATH_SEARCH_PATHS = (
					"$(inherited)",
					"@executable_path/Frameworks",
				);
				PRODUCT_BUNDLE_IDENTIFIER = "com.handzap.Forms-iOS";
				PRODUCT_NAME = "$(TARGET_NAME)";
				SWIFT_VERSION = 5.0;
				TARGETED_DEVICE_FAMILY = "1,2";
			};
			name = Debug;
		};
		9265910E23D5AFA0009A8C6F /* Release */ = {
			isa = XCBuildConfiguration;
			baseConfigurationReference = E1A470070BC45C1CCC0583D7 /* Pods-Forms_iOS.release.xcconfig */;
			buildSettings = {
				ASSETCATALOG_COMPILER_APPICON_NAME = AppIcon;
				CODE_SIGN_STYLE = Automatic;
				INFOPLIST_FILE = Forms_iOS/Info.plist;
				LD_RUNPATH_SEARCH_PATHS = (
					"$(inherited)",
					"@executable_path/Frameworks",
				);
				PRODUCT_BUNDLE_IDENTIFIER = "com.handzap.Forms-iOS";
				PRODUCT_NAME = "$(TARGET_NAME)";
				SWIFT_VERSION = 5.0;
				TARGETED_DEVICE_FAMILY = "1,2";
			};
			name = Release;
		};
		9265911023D5AFA0009A8C6F /* Debug */ = {
			isa = XCBuildConfiguration;
			baseConfigurationReference = B0D1A56475FDD90EA703B7D6 /* Pods-Forms_iOSTests.debug.xcconfig */;
			buildSettings = {
				ALWAYS_EMBED_SWIFT_STANDARD_LIBRARIES = YES;
				BUNDLE_LOADER = "$(TEST_HOST)";
				CODE_SIGN_STYLE = Automatic;
				INFOPLIST_FILE = Forms_iOSTests/Info.plist;
				IPHONEOS_DEPLOYMENT_TARGET = 13.2;
				LD_RUNPATH_SEARCH_PATHS = (
					"$(inherited)",
					"@executable_path/Frameworks",
					"@loader_path/Frameworks",
				);
				PRODUCT_BUNDLE_IDENTIFIER = "com.handzap.Forms-iOSTests";
				PRODUCT_NAME = "$(TARGET_NAME)";
				SWIFT_VERSION = 5.0;
				TARGETED_DEVICE_FAMILY = "1,2";
				TEST_HOST = "$(BUILT_PRODUCTS_DIR)/Forms_iOS.app/Forms_iOS";
			};
			name = Debug;
		};
		9265911123D5AFA0009A8C6F /* Release */ = {
			isa = XCBuildConfiguration;
			baseConfigurationReference = 2943B04D80F31E6E1BA829AF /* Pods-Forms_iOSTests.release.xcconfig */;
			buildSettings = {
				ALWAYS_EMBED_SWIFT_STANDARD_LIBRARIES = YES;
				BUNDLE_LOADER = "$(TEST_HOST)";
				CODE_SIGN_STYLE = Automatic;
				INFOPLIST_FILE = Forms_iOSTests/Info.plist;
				IPHONEOS_DEPLOYMENT_TARGET = 13.2;
				LD_RUNPATH_SEARCH_PATHS = (
					"$(inherited)",
					"@executable_path/Frameworks",
					"@loader_path/Frameworks",
				);
				PRODUCT_BUNDLE_IDENTIFIER = "com.handzap.Forms-iOSTests";
				PRODUCT_NAME = "$(TARGET_NAME)";
				SWIFT_VERSION = 5.0;
				TARGETED_DEVICE_FAMILY = "1,2";
				TEST_HOST = "$(BUILT_PRODUCTS_DIR)/Forms_iOS.app/Forms_iOS";
			};
			name = Release;
		};
		9265911323D5AFA0009A8C6F /* Debug */ = {
			isa = XCBuildConfiguration;
			baseConfigurationReference = 4BD8B77A295C29717566DDDF /* Pods-Forms_iOS-Forms_iOSUITests.debug.xcconfig */;
			buildSettings = {
				ALWAYS_EMBED_SWIFT_STANDARD_LIBRARIES = YES;
				CODE_SIGN_STYLE = Automatic;
				INFOPLIST_FILE = Forms_iOSUITests/Info.plist;
				LD_RUNPATH_SEARCH_PATHS = (
					"$(inherited)",
					"@executable_path/Frameworks",
					"@loader_path/Frameworks",
				);
				PRODUCT_BUNDLE_IDENTIFIER = "com.handzap.Forms-iOSUITests";
				PRODUCT_NAME = "$(TARGET_NAME)";
				SWIFT_VERSION = 5.0;
				TARGETED_DEVICE_FAMILY = "1,2";
				TEST_TARGET_NAME = Forms_iOS;
			};
			name = Debug;
		};
		9265911423D5AFA0009A8C6F /* Release */ = {
			isa = XCBuildConfiguration;
			baseConfigurationReference = D76A8B20451E55EFE95E2A55 /* Pods-Forms_iOS-Forms_iOSUITests.release.xcconfig */;
			buildSettings = {
				ALWAYS_EMBED_SWIFT_STANDARD_LIBRARIES = YES;
				CODE_SIGN_STYLE = Automatic;
				INFOPLIST_FILE = Forms_iOSUITests/Info.plist;
				LD_RUNPATH_SEARCH_PATHS = (
					"$(inherited)",
					"@executable_path/Frameworks",
					"@loader_path/Frameworks",
				);
				PRODUCT_BUNDLE_IDENTIFIER = "com.handzap.Forms-iOSUITests";
				PRODUCT_NAME = "$(TARGET_NAME)";
				SWIFT_VERSION = 5.0;
				TARGETED_DEVICE_FAMILY = "1,2";
				TEST_TARGET_NAME = Forms_iOS;
			};
			name = Release;
		};
/* End XCBuildConfiguration section */

/* Begin XCConfigurationList section */
		926590DD23D5AF9E009A8C6F /* Build configuration list for PBXProject "Forms_iOS" */ = {
			isa = XCConfigurationList;
			buildConfigurations = (
				9265910A23D5AFA0009A8C6F /* Debug */,
				9265910B23D5AFA0009A8C6F /* Release */,
			);
			defaultConfigurationIsVisible = 0;
			defaultConfigurationName = Release;
		};
		9265910C23D5AFA0009A8C6F /* Build configuration list for PBXNativeTarget "Forms_iOS" */ = {
			isa = XCConfigurationList;
			buildConfigurations = (
				9265910D23D5AFA0009A8C6F /* Debug */,
				9265910E23D5AFA0009A8C6F /* Release */,
			);
			defaultConfigurationIsVisible = 0;
			defaultConfigurationName = Release;
		};
		9265910F23D5AFA0009A8C6F /* Build configuration list for PBXNativeTarget "Forms_iOSTests" */ = {
			isa = XCConfigurationList;
			buildConfigurations = (
				9265911023D5AFA0009A8C6F /* Debug */,
				9265911123D5AFA0009A8C6F /* Release */,
			);
			defaultConfigurationIsVisible = 0;
			defaultConfigurationName = Release;
		};
		9265911223D5AFA0009A8C6F /* Build configuration list for PBXNativeTarget "Forms_iOSUITests" */ = {
			isa = XCConfigurationList;
			buildConfigurations = (
				9265911323D5AFA0009A8C6F /* Debug */,
				9265911423D5AFA0009A8C6F /* Release */,
			);
			defaultConfigurationIsVisible = 0;
			defaultConfigurationName = Release;
		};
/* End XCConfigurationList section */
	};
	rootObject = 926590DA23D5AF9E009A8C6F /* Project object */;
}
